
Microsoft Visual Studio Solution File, Format Version 12.00
# Visual Studio Version 16
VisualStudioVersion = 16.0.30907.101
MinimumVisualStudioVersion = 10.0.40219.1
Project("{FAE04EC0-301F-11D3-BF4B-00C04F79EFBC}") = "World Clock", "World Clock\World Clock.csproj", "{6244005F-7299-489D-8B93-FBD5FD746E5A}"
EndProject
Global
	GlobalSection(SolutionConfigurationPlatforms) = preSolution
		Debug|Any CPU = Debug|Any CPU
		Release|Any CPU = Release|Any CPU
	EndGlobalSection
	GlobalSection(ProjectConfigurationPlatforms) = postSolution
		{6244005F-7299-489D-8B93-FBD5FD746E5A}.Debug|Any CPU.ActiveCfg = Debug|Any CPU
		{6244005F-7299-489D-8B93-FBD5FD746E5A}.Debug|Any CPU.Build.0 = Debug|Any CPU
		{6244005F-7299-489D-8B93-FBD5FD746E5A}.Release|Any CPU.ActiveCfg = Release|Any CPU
		{6244005F-7299-489D-8B93-FBD5FD746E5A}.Release|Any CPU.Build.0 = Release|Any CPU
	EndGlobalSection
	GlobalSection(SolutionProperties) = preSolution
		HideSolutionNode = FALSE
	EndGlobalSection
	GlobalSection(ExtensibilityGlobals) = postSolution
		SolutionGuid = {BA1DFCA7-03FA-4E1D-944A-57146DAE605E}
	EndGlobalSection
EndGlobal
